
Microsoft Visual Studio Solution File, Format Version 12.00
# Visual Studio Version 17
VisualStudioVersion = 17.3.32901.215
MinimumVisualStudioVersion = 10.0.40219.1
Project("{34036844-64E7-43A5-9151-4AD90E180989}") = "IotEdgeTelemetryModules", "IotEdgeTelemetryModules\IotEdgeTelemetryModules.iotedgeproj", "{351258C9-491C-4B1E-9C87-33115365459F}"
EndProject
Project("{9A19103F-16F7-4668-BE54-9A1E7A4F7556}") = "AlertProcessing", "AlertProcessing\AlertProcessing.csproj", "{A15C1C3A-DFA9-4EC1-B800-A0BF85C1BF08}"
EndProject
Project("{9A19103F-16F7-4668-BE54-9A1E7A4F7556}") = "AlertNotifier", "AlertNotifier\AlertNotifier.csproj", "{8300D961-015B-47AC-A990-9FFE8D1F041A}"
EndProject
Global
	GlobalSection(SolutionConfigurationPlatforms) = preSolution
		Debug|Any CPU = Debug|Any CPU
		Release|Any CPU = Release|Any CPU
	EndGlobalSection
	GlobalSection(ProjectConfigurationPlatforms) = postSolution
		{351258C9-491C-4B1E-9C87-33115365459F}.Debug|Any CPU.ActiveCfg = Debug|Any CPU
		{351258C9-491C-4B1E-9C87-33115365459F}.Debug|Any CPU.Build.0 = Debug|Any CPU
		{351258C9-491C-4B1E-9C87-33115365459F}.Release|Any CPU.ActiveCfg = Release|Any CPU
		{351258C9-491C-4B1E-9C87-33115365459F}.Release|Any CPU.Build.0 = Release|Any CPU
		{A15C1C3A-DFA9-4EC1-B800-A0BF85C1BF08}.Debug|Any CPU.ActiveCfg = Debug|Any CPU
		{A15C1C3A-DFA9-4EC1-B800-A0BF85C1BF08}.Debug|Any CPU.Build.0 = Debug|Any CPU
		{A15C1C3A-DFA9-4EC1-B800-A0BF85C1BF08}.Release|Any CPU.ActiveCfg = Release|Any CPU
		{A15C1C3A-DFA9-4EC1-B800-A0BF85C1BF08}.Release|Any CPU.Build.0 = Release|Any CPU
		{8300D961-015B-47AC-A990-9FFE8D1F041A}.Debug|Any CPU.ActiveCfg = Debug|Any CPU
		{8300D961-015B-47AC-A990-9FFE8D1F041A}.Debug|Any CPU.Build.0 = Debug|Any CPU
		{8300D961-015B-47AC-A990-9FFE8D1F041A}.Release|Any CPU.ActiveCfg = Release|Any CPU
		{8300D961-015B-47AC-A990-9FFE8D1F041A}.Release|Any CPU.Build.0 = Release|Any CPU
	EndGlobalSection
	GlobalSection(SolutionProperties) = preSolution
		HideSolutionNode = FALSE
	EndGlobalSection
	GlobalSection(ExtensibilityGlobals) = postSolution
		SolutionGuid = {20566580-785D-4C04-BC1D-7C6605E4F9A7}
	EndGlobalSection
EndGlobal
